
Microsoft Visual Studio Solution File, Format Version 12.00
# Visual Studio Version 17
VisualStudioVersion = 17.5.33516.290
MinimumVisualStudioVersion = 10.0.40219.1
Project("{FAE04EC0-301F-11D3-BF4B-00C04F79EFBC}") = "DesignPattern.Repository", "DesignPattern.Repository.csproj", "{08621E76-AE23-4703-9A61-ADAAAC7E7B21}"
EndProject
Global
	GlobalSection(SolutionConfigurationPlatforms) = preSolution
		Debug|Any CPU = Debug|Any CPU
		Release|Any CPU = Release|Any CPU
	EndGlobalSection
	GlobalSection(ProjectConfigurationPlatforms) = postSolution
		{08621E76-AE23-4703-9A61-ADAAAC7E7B21}.Debug|Any CPU.ActiveCfg = Debug|Any CPU
		{08621E76-AE23-4703-9A61-ADAAAC7E7B21}.Debug|Any CPU.Build.0 = Debug|Any CPU
		{08621E76-AE23-4703-9A61-ADAAAC7E7B21}.Release|Any CPU.ActiveCfg = Release|Any CPU
		{08621E76-AE23-4703-9A61-ADAAAC7E7B21}.Release|Any CPU.Build.0 = Release|Any CPU
	EndGlobalSection
	GlobalSection(SolutionProperties) = preSolution
		HideSolutionNode = FALSE
	EndGlobalSection
	GlobalSection(ExtensibilityGlobals) = postSolution
		SolutionGuid = {F7FCDF56-7FA1-4357-8AD3-4121477F2646}
	EndGlobalSection
EndGlobal
