
Microsoft Visual Studio Solution File, Format Version 12.00
# Visual Studio Version 17
VisualStudioVersion = 17.5.33516.290
MinimumVisualStudioVersion = 10.0.40219.1
Project("{FAE04EC0-301F-11D3-BF4B-00C04F79EFBC}") = "RepositoryDesignPattern.PresentationLayer", "RepositoryDesignPattern.PresentationLayer.csproj", "{08621E76-AE23-4703-9A61-ADAAAC7E7B21}"
EndProject
Project("{FAE04EC0-301F-11D3-BF4B-00C04F79EFBC}") = "RepositoryDesignPattern.EntityLayer", "..\RepositoryDesignPattern.EntityLayer\RepositoryDesignPattern.EntityLayer.csproj", "{493ACD43-3DAB-4C9E-A39F-42E8BB1F04EE}"
EndProject
Project("{FAE04EC0-301F-11D3-BF4B-00C04F79EFBC}") = "RepositoryDesignPattern.DataAccessLayer", "..\RepositoryDesignPattern.DataAccessLayer\RepositoryDesignPattern.DataAccessLayer.csproj", "{FFCBA7DD-49CA-4B0E-BE69-44733C2CB2B4}"
EndProject
Project("{FAE04EC0-301F-11D3-BF4B-00C04F79EFBC}") = "RepositoryDesignPattern.BusinessLayer", "..\RepositoryDesignPattern.BusinessLayer\RepositoryDesignPattern.BusinessLayer.csproj", "{F7C67DE7-9D0A-48F7-88E3-1F4FD9AEC778}"
EndProject
Global
	GlobalSection(SolutionConfigurationPlatforms) = preSolution
		Debug|Any CPU = Debug|Any CPU
		Release|Any CPU = Release|Any CPU
	EndGlobalSection
	GlobalSection(ProjectConfigurationPlatforms) = postSolution
		{08621E76-AE23-4703-9A61-ADAAAC7E7B21}.Debug|Any CPU.ActiveCfg = Debug|Any CPU
		{08621E76-AE23-4703-9A61-ADAAAC7E7B21}.Debug|Any CPU.Build.0 = Debug|Any CPU
		{08621E76-AE23-4703-9A61-ADAAAC7E7B21}.Release|Any CPU.ActiveCfg = Release|Any CPU
		{08621E76-AE23-4703-9A61-ADAAAC7E7B21}.Release|Any CPU.Build.0 = Release|Any CPU
		{493ACD43-3DAB-4C9E-A39F-42E8BB1F04EE}.Debug|Any CPU.ActiveCfg = Debug|Any CPU
		{493ACD43-3DAB-4C9E-A39F-42E8BB1F04EE}.Debug|Any CPU.Build.0 = Debug|Any CPU
		{493ACD43-3DAB-4C9E-A39F-42E8BB1F04EE}.Release|Any CPU.ActiveCfg = Release|Any CPU
		{493ACD43-3DAB-4C9E-A39F-42E8BB1F04EE}.Release|Any CPU.Build.0 = Release|Any CPU
		{FFCBA7DD-49CA-4B0E-BE69-44733C2CB2B4}.Debug|Any CPU.ActiveCfg = Debug|Any CPU
		{FFCBA7DD-49CA-4B0E-BE69-44733C2CB2B4}.Debug|Any CPU.Build.0 = Debug|Any CPU
		{FFCBA7DD-49CA-4B0E-BE69-44733C2CB2B4}.Release|Any CPU.ActiveCfg = Release|Any CPU
		{FFCBA7DD-49CA-4B0E-BE69-44733C2CB2B4}.Release|Any CPU.Build.0 = Release|Any CPU
		{F7C67DE7-9D0A-48F7-88E3-1F4FD9AEC778}.Debug|Any CPU.ActiveCfg = Debug|Any CPU
		{F7C67DE7-9D0A-48F7-88E3-1F4FD9AEC778}.Debug|Any CPU.Build.0 = Debug|Any CPU
		{F7C67DE7-9D0A-48F7-88E3-1F4FD9AEC778}.Release|Any CPU.ActiveCfg = Release|Any CPU
		{F7C67DE7-9D0A-48F7-88E3-1F4FD9AEC778}.Release|Any CPU.Build.0 = Release|Any CPU
	EndGlobalSection
	GlobalSection(SolutionProperties) = preSolution
		HideSolutionNode = FALSE
	EndGlobalSection
	GlobalSection(ExtensibilityGlobals) = postSolution
		SolutionGuid = {F7FCDF56-7FA1-4357-8AD3-4121477F2646}
	EndGlobalSection
EndGlobal
